{
  "name": "dev-master",
  "version": "1.0.0",
  "lockfileVersion": 2,
  "requires": true,
  "packages": {
    "": {
      "name": "dev-master",
      "version": "1.0.0",
      "license": "ISC",
      "workspaces": [
        "packages/*",
        "apps/*"
      ]
    },
    "apps/api": {
      "version": "1.0.0",
      "license": "ISC",
      "devDependencies": {}
    },
    "apps/nextjs-ssr": {
      "version": "0.1.0"
    },
    "apps/web": {
      "version": "1.0.0",
      "license": "ISC",
      "devDependencies": {}
    },
    "node_modules/api": {
      "resolved": "apps/api",
      "link": true
    },
    "node_modules/eslint-config-custom": {
      "resolved": "packages/eslint-config-custom",
      "link": true
    },
    "node_modules/nextjs-ssr": {
      "resolved": "apps/nextjs-ssr",
      "link": true
    },
    "node_modules/simple-editor": {
      "resolved": "packages/simple-editor",
      "link": true
    },
    "node_modules/tsconfig": {
      "resolved": "packages/tsconfig",
      "link": true
    },
    "node_modules/web": {
      "resolved": "apps/web",
      "link": true
    },
    "packages/dev-service": {
      "version": "1.0.0",
      "extraneous": true,
      "license": "ISC",
      "devDependencies": {}
    },
    "packages/dev-ui": {
      "version": "0.0.0",
      "extraneous": true,
      "license": "ISC",
      "dependencies": {
        "vue": "^3.2.45",
        "vue-router": "^4.1.6"
      },
      "devDependencies": {
        "@vitejs/plugin-vue": "^4.0.0",
        "vite": "^4.0.1"
      }
    },
    "packages/eslint-config-custom": {
      "version": "1.0.0",
      "license": "ISC",
      "devDependencies": {}
    },
    "packages/simple-editor": {
      "version": "1.0.0",
      "license": "ISC",
      "devDependencies": {}
    },
    "packages/tsconfig": {
      "version": "1.0.0",
      "license": "ISC",
      "devDependencies": {}
    }
  },
  "dependencies": {
    "api": {
      "version": "file:apps/api"
    },
    "eslint-config-custom": {
      "version": "file:packages/eslint-config-custom"
    },
    "nextjs-ssr": {
      "version": "file:apps/nextjs-ssr"
    },
    "simple-editor": {
      "version": "file:packages/simple-editor"
    },
    "tsconfig": {
      "version": "file:packages/tsconfig"
    },
    "web": {
      "version": "file:apps/web"
    }
  }
}
