{
  "name": "dev-master",
  "version": "1.0.0",
  "lockfileVersion": 2,
  "requires": true,
  "packages": {
    "": {
      "name": "dev-master",
      "version": "1.0.0",
      "license": "ISC",
      "workspaces": [
        "packages\\dev-ui",
        "packages\\dev-service"
      ]
    },
    "node_modules/dev-service": {
      "resolved": "packages/dev-service",
      "link": true
    },
    "node_modules/dev-ui": {
      "resolved": "packages/dev-ui",
      "link": true
    },
    "packages/dev-service": {
      "version": "1.0.0",
      "license": "ISC",
      "devDependencies": {}
    },
    "packages/dev-ui": {
      "version": "1.0.0",
      "license": "ISC"
    }
  },
  "dependencies": {
    "dev-service": {
      "version": "file:packages/dev-service"
    },
    "dev-ui": {
      "version": "file:packages/dev-ui"
    }
  }
}
